<?xml version="1.0" encoding="utf-8"?>
<Project ToolsVersion="4.0" xmlns="http://schemas.microsoft.com/developer/msbuild/2003">
  <ItemGroup>
    <Filter Include="Include">
      <UniqueIdentifier>{72e84d56-43ea-4192-9cf1-15d4ab3326a8}</UniqueIdentifier>
    </Filter>
    <Filter Include="Source">
      <UniqueIdentifier>{71b2d2ac-9cd1-4fb3-be27-3d57bcc63dbd}</UniqueIdentifier>
    </Filter>
  </ItemGroup>
  <ItemGroup>
    <ClInclude Include="Include\EngineLoop.h">
      <Filter>Include</Filter>
    </ClInclude>
    <ClInclude Include="Include\Misc\LaunchGlobals.h">
      <Filter>Include</Filter>
    </ClInclude>
  </ItemGroup>
  <ItemGroup>
    <ClCompile Include="Source\EngineLoop.cpp">
      <Filter>Source</Filter>
    </ClCompile>
  </ItemGroup>
</Project>