<?xml version="1.0" encoding="utf-8"?>
<Project ToolsVersion="4.0" xmlns="http://schemas.microsoft.com/developer/msbuild/2003">
  <ItemGroup>
    <Filter Include="Include">
      <UniqueIdentifier>{71ce4f60-a78a-4bcf-bff8-38f8f8761e98}</UniqueIdentifier>
    </Filter>
    <Filter Include="Source">
      <UniqueIdentifier>{a0b71c67-872e-4b2e-beb4-18c86095909e}</UniqueIdentifier>
    </Filter>
  </ItemGroup>
  <ItemGroup>
    <ClCompile Include="Source\WindowsLaunch.cpp">
      <Filter>Source</Filter>
    </ClCompile>
    <ClCompile Include="Source\WindowsWindow.cpp">
      <Filter>Source</Filter>
    </ClCompile>
    <ClCompile Include="Source\WindowsPlatform.cpp">
      <Filter>Source</Filter>
    </ClCompile>
    <ClCompile Include="Source\WindowsLogger.cpp">
      <Filter>Source</Filter>
    </ClCompile>
    <ClCompile Include="Source\WindowsFileSystem.cpp">
      <Filter>Source</Filter>
    </ClCompile>
    <ClCompile Include="Source\WindowsArchive.cpp">
      <Filter>Source</Filter>
    </ClCompile>
    <ClCompile Include="Source\WindowsImGUI.cpp">
      <Filter>Source</Filter>
    </ClCompile>
  </ItemGroup>
  <ItemGroup>
    <ClInclude Include="Include\WindowsPlatform.h">
      <Filter>Include</Filter>
    </ClInclude>
    <ClInclude Include="Include\WindowsWindow.h">
      <Filter>Include</Filter>
    </ClInclude>
    <ClInclude Include="Include\WindowsLogger.h">
      <Filter>Include</Filter>
    </ClInclude>
    <ClInclude Include="Include\WindowsFileSystem.h">
      <Filter>Include</Filter>
    </ClInclude>
    <ClInclude Include="Include\WindowsArchive.h">
      <Filter>Include</Filter>
    </ClInclude>
    <ClInclude Include="Include\WindowsImGUI.h">
      <Filter>Include</Filter>
    </ClInclude>
  </ItemGroup>
</Project>