<?xml version="1.0" encoding="utf-8"?>
<Project ToolsVersion="4.0" xmlns="http://schemas.microsoft.com/developer/msbuild/2003">
  <ItemGroup>
    <Filter Include="Include">
      <UniqueIdentifier>{dbfd0778-c3b1-455e-8a07-2fd66f663b77}</UniqueIdentifier>
    </Filter>
    <Filter Include="Source">
      <UniqueIdentifier>{a43391e9-4843-4bb9-9c6c-28c5e330fdd6}</UniqueIdentifier>
    </Filter>
    <Filter Include="Include\Misc">
      <UniqueIdentifier>{ad019645-0dfd-44d0-ad72-5f9d577e2489}</UniqueIdentifier>
    </Filter>
    <Filter Include="Source\Misc">
      <UniqueIdentifier>{a05a9651-cfd7-4237-91fb-e22a7def98e7}</UniqueIdentifier>
    </Filter>
    <Filter Include="Include\System">
      <UniqueIdentifier>{956efe8c-9201-4898-aa79-e662ee4412c5}</UniqueIdentifier>
    </Filter>
    <Filter Include="Source\System">
      <UniqueIdentifier>{4f051591-1bb9-4ede-ac05-5acf15ffa2f1}</UniqueIdentifier>
    </Filter>
    <Filter Include="Include\Windows">
      <UniqueIdentifier>{9b001d06-1bb9-4847-938a-afcc7c0c3c25}</UniqueIdentifier>
    </Filter>
    <Filter Include="Source\Windows">
      <UniqueIdentifier>{bdc379d2-8024-4dcd-9d76-101355d0abcd}</UniqueIdentifier>
    </Filter>
  </ItemGroup>
  <ItemGroup>
    <ClInclude Include="Include\Misc\WorldEdGlobals.h">
      <Filter>Include\Misc</Filter>
    </ClInclude>
    <ClInclude Include="Include\Misc\WorldEdTypes.h">
      <Filter>Include\Misc</Filter>
    </ClInclude>
    <ClInclude Include="Include\System\LaunchApp.h">
      <Filter>Include\System</Filter>
    </ClInclude>
    <ClInclude Include="Include\WorldEdApp.h">
      <Filter>Include</Filter>
    </ClInclude>
    <ClInclude Include="Include\System\EditorFrame.h">
      <Filter>Include\System</Filter>
    </ClInclude>
    <ClInclude Include="Include\Misc\ResourceIDs.h">
      <Filter>Include\Misc</Filter>
    </ClInclude>
    <ClInclude Include="Include\Windows\WindowAbout.h">
      <Filter>Include\Windows</Filter>
    </ClInclude>
  </ItemGroup>
  <ItemGroup>
    <ClCompile Include="Source\Misc\WorldEdGlobals.cpp">
      <Filter>Source\Misc</Filter>
    </ClCompile>
    <ClCompile Include="Source\System\LaunchApp.cpp">
      <Filter>Source\System</Filter>
    </ClCompile>
    <ClCompile Include="Source\WorldEdApp.cpp">
      <Filter>Source</Filter>
    </ClCompile>
    <ClCompile Include="Source\System\EditorFrame.cpp">
      <Filter>Source\System</Filter>
    </ClCompile>
    <ClCompile Include="Source\Windows\WindowAbout.cpp">
      <Filter>Source\Windows</Filter>
    </ClCompile>
  </ItemGroup>
</Project>