<?xml version="1.0" encoding="utf-8"?>
<Project ToolsVersion="4.0" xmlns="http://schemas.microsoft.com/developer/msbuild/2003">
  <ItemGroup>
    <Filter Include="Include">
      <UniqueIdentifier>{dbfd0778-c3b1-455e-8a07-2fd66f663b77}</UniqueIdentifier>
    </Filter>
    <Filter Include="Source">
      <UniqueIdentifier>{a43391e9-4843-4bb9-9c6c-28c5e330fdd6}</UniqueIdentifier>
    </Filter>
    <Filter Include="Include\ImGUI">
      <UniqueIdentifier>{e20bfe88-6077-417f-9054-1337729a94e9}</UniqueIdentifier>
    </Filter>
    <Filter Include="Source\ImGUI">
      <UniqueIdentifier>{a6d04722-29e9-4110-8069-2ddf9fc44801}</UniqueIdentifier>
    </Filter>
    <Filter Include="Include\Misc">
      <UniqueIdentifier>{ad019645-0dfd-44d0-ad72-5f9d577e2489}</UniqueIdentifier>
    </Filter>
    <Filter Include="Source\Misc">
      <UniqueIdentifier>{a05a9651-cfd7-4237-91fb-e22a7def98e7}</UniqueIdentifier>
    </Filter>
    <Filter Include="Include\System">
      <UniqueIdentifier>{ca52a225-343e-4c8f-8722-2adda57f7558}</UniqueIdentifier>
    </Filter>
    <Filter Include="Include\System\Dirent">
      <UniqueIdentifier>{947715be-a3de-4825-8710-fdd81761b212}</UniqueIdentifier>
    </Filter>
    <Filter Include="Include\Widgets">
      <UniqueIdentifier>{d3d0e755-ba44-4fe7-bf54-0ee055065ac8}</UniqueIdentifier>
    </Filter>
    <Filter Include="Source\Widgets">
      <UniqueIdentifier>{1652599b-3328-43d1-a540-c784ffeee911}</UniqueIdentifier>
    </Filter>
    <Filter Include="Include\Windows">
      <UniqueIdentifier>{49560be0-7a17-43dd-8dae-95d777c60b97}</UniqueIdentifier>
    </Filter>
    <Filter Include="Source\Windows">
      <UniqueIdentifier>{4f84bdd4-da13-47b6-9392-9e30ce26b24e}</UniqueIdentifier>
    </Filter>
  </ItemGroup>
  <ItemGroup>
    <ClInclude Include="Include\ImGUI\imconfig.h">
      <Filter>Include\ImGUI</Filter>
    </ClInclude>
    <ClInclude Include="Include\ImGUI\imgui.h">
      <Filter>Include\ImGUI</Filter>
    </ClInclude>
    <ClInclude Include="Include\ImGUI\imgui_internal.h">
      <Filter>Include\ImGUI</Filter>
    </ClInclude>
    <ClInclude Include="Include\ImGUI\imstb_rectpack.h">
      <Filter>Include\ImGUI</Filter>
    </ClInclude>
    <ClInclude Include="Include\ImGUI\imstb_textedit.h">
      <Filter>Include\ImGUI</Filter>
    </ClInclude>
    <ClInclude Include="Include\ImGUI\imstb_truetype.h">
      <Filter>Include\ImGUI</Filter>
    </ClInclude>
    <ClInclude Include="Include\ImGUI\ImGUIEngine.h">
      <Filter>Include\ImGUI</Filter>
    </ClInclude>
    <ClInclude Include="Include\Misc\WorldEdGlobals.h">
      <Filter>Include\Misc</Filter>
    </ClInclude>
    <ClInclude Include="Include\ImGUI\ImGuiFileDialog.h">
      <Filter>Include\ImGUI</Filter>
    </ClInclude>
    <ClInclude Include="Include\ImGUI\ImGuiFileDialogConfig.h">
      <Filter>Include\ImGUI</Filter>
    </ClInclude>
    <ClInclude Include="Include\System\Dirent\dirent.h">
      <Filter>Include\System\Dirent</Filter>
    </ClInclude>
    <ClInclude Include="Include\WorldEd.h">
      <Filter>Include</Filter>
    </ClInclude>
    <ClInclude Include="Include\Widgets\MainMenuBar.h">
      <Filter>Include\Widgets</Filter>
    </ClInclude>
    <ClInclude Include="Include\Widgets\BaseWidget.h">
      <Filter>Include\Widgets</Filter>
    </ClInclude>
    <ClInclude Include="Include\Misc\WorldEdTypes.h">
      <Filter>Include\Misc</Filter>
    </ClInclude>
    <ClInclude Include="Include\Windows\BaseWindow.h">
      <Filter>Include\Windows</Filter>
    </ClInclude>
    <ClInclude Include="Include\Windows\WindowsManager.h">
      <Filter>Include\Windows</Filter>
    </ClInclude>
    <ClInclude Include="Include\Widgets\Button.h">
      <Filter>Include\Widgets</Filter>
    </ClInclude>
    <ClInclude Include="Include\Widgets\Text.h">
      <Filter>Include\Widgets</Filter>
    </ClInclude>
    <ClInclude Include="Include\Windows\WindowImportTexture.h">
      <Filter>Include\Windows</Filter>
    </ClInclude>
  </ItemGroup>
  <ItemGroup>
    <ClCompile Include="Source\ImGUI\imgui.cpp">
      <Filter>Source\ImGUI</Filter>
    </ClCompile>
    <ClCompile Include="Source\ImGUI\imgui_demo.cpp">
      <Filter>Source\ImGUI</Filter>
    </ClCompile>
    <ClCompile Include="Source\ImGUI\imgui_draw.cpp">
      <Filter>Source\ImGUI</Filter>
    </ClCompile>
    <ClCompile Include="Source\ImGUI\imgui_tables.cpp">
      <Filter>Source\ImGUI</Filter>
    </ClCompile>
    <ClCompile Include="Source\ImGUI\imgui_widgets.cpp">
      <Filter>Source\ImGUI</Filter>
    </ClCompile>
    <ClCompile Include="Source\ImGUI\ImGUIEngine.cpp">
      <Filter>Source\ImGUI</Filter>
    </ClCompile>
    <ClCompile Include="Source\Misc\WorldEdGlobals.cpp">
      <Filter>Source\Misc</Filter>
    </ClCompile>
    <ClCompile Include="Source\ImGUI\ImGuiFileDialog.cpp">
      <Filter>Source\ImGUI</Filter>
    </ClCompile>
    <ClCompile Include="Source\WorldEd.cpp">
      <Filter>Source</Filter>
    </ClCompile>
    <ClCompile Include="Source\Widgets\MainMenuBar.cpp">
      <Filter>Source\Widgets</Filter>
    </ClCompile>
    <ClCompile Include="Source\Windows\BaseWindow.cpp">
      <Filter>Source\Windows</Filter>
    </ClCompile>
    <ClCompile Include="Source\Windows\WindowsManager.cpp">
      <Filter>Source\Windows</Filter>
    </ClCompile>
    <ClCompile Include="Source\Widgets\Button.cpp">
      <Filter>Source\Widgets</Filter>
    </ClCompile>
    <ClCompile Include="Source\Widgets\Text.cpp">
      <Filter>Source\Widgets</Filter>
    </ClCompile>
    <ClCompile Include="Source\Windows\WindowImportTexture.cpp">
      <Filter>Source\Windows</Filter>
    </ClCompile>
  </ItemGroup>
</Project>