<?xml version="1.0" encoding="utf-8"?>
<Project ToolsVersion="4.0" xmlns="http://schemas.microsoft.com/developer/msbuild/2003">
  <ItemGroup>
    <Filter Include="Include">
      <UniqueIdentifier>{4c6c8bd9-f7c0-4edc-b5b0-a22db16cf635}</UniqueIdentifier>
    </Filter>
    <Filter Include="Source">
      <UniqueIdentifier>{ebee0972-c623-4ec7-932e-c01358cf0f77}</UniqueIdentifier>
    </Filter>
    <Filter Include="Source\RHI">
      <UniqueIdentifier>{02ab1d24-9f9d-45de-a912-e6a4ec4f4769}</UniqueIdentifier>
    </Filter>
    <Filter Include="Include\Misc">
      <UniqueIdentifier>{b21a85f0-9dde-4635-9c87-37059ebaf0fb}</UniqueIdentifier>
    </Filter>
    <Filter Include="Include\RHI">
      <UniqueIdentifier>{a5fbf995-37a7-4695-acc8-3614cdc208c1}</UniqueIdentifier>
    </Filter>
    <Filter Include="Source\Misc">
      <UniqueIdentifier>{65e5297e-704a-4c2d-aa23-02b281ff20f0}</UniqueIdentifier>
    </Filter>
    <Filter Include="Include\Scripts">
      <UniqueIdentifier>{3f13501c-929a-48ca-a67a-897742112eed}</UniqueIdentifier>
    </Filter>
    <Filter Include="Source\Scripts">
      <UniqueIdentifier>{6bdb5c3c-80d7-4ee6-86a8-c2b68184088c}</UniqueIdentifier>
    </Filter>
    <Filter Include="Include\Render">
      <UniqueIdentifier>{43b92b5e-26cb-4f89-9b3a-13d0eb56f0d9}</UniqueIdentifier>
    </Filter>
    <Filter Include="Source\Render">
      <UniqueIdentifier>{5b978806-f0b1-48d3-a3f7-76efc128a376}</UniqueIdentifier>
    </Filter>
    <Filter Include="Include\Render\Shaders">
      <UniqueIdentifier>{c97ab6ee-b8c3-492e-8979-d90001e1d084}</UniqueIdentifier>
    </Filter>
    <Filter Include="Source\Render\Shaders">
      <UniqueIdentifier>{b2929880-4452-4b40-a095-120f13b20bf4}</UniqueIdentifier>
    </Filter>
    <Filter Include="Include\System">
      <UniqueIdentifier>{e75fc818-0781-4f3c-ba8d-bd7f92f13ad0}</UniqueIdentifier>
    </Filter>
    <Filter Include="Source\System">
      <UniqueIdentifier>{44ded40d-d1b6-490b-a96a-b6f09f8fdeaf}</UniqueIdentifier>
    </Filter>
  </ItemGroup>
  <ItemGroup>
    <ClInclude Include="Include\RHI\BaseRHI.h">
      <Filter>Include\RHI</Filter>
    </ClInclude>
    <ClInclude Include="Include\RHI\BaseViewportRHI.h">
      <Filter>Include\RHI</Filter>
    </ClInclude>
    <ClInclude Include="Include\Misc\EngineGlobals.h">
      <Filter>Include\Misc</Filter>
    </ClInclude>
    <ClInclude Include="Include\RHI\BaseDeviceContextRHI.h">
      <Filter>Include\RHI</Filter>
    </ClInclude>
    <ClInclude Include="Include\RHI\BaseSurfaceRHI.h">
      <Filter>Include\RHI</Filter>
    </ClInclude>
    <ClInclude Include="Include\Scripts\ScriptEngine.h">
      <Filter>Include\Scripts</Filter>
    </ClInclude>
    <ClInclude Include="Include\Scripts\Script.h">
      <Filter>Include\Scripts</Filter>
    </ClInclude>
    <ClInclude Include="Include\RHI\BaseShaderRHI.h">
      <Filter>Include\RHI</Filter>
    </ClInclude>
    <ClInclude Include="Include\RHI\TypesRHI.h">
      <Filter>Include\RHI</Filter>
    </ClInclude>
    <ClInclude Include="Include\Render\Shaders\TestShader.h">
      <Filter>Include\Render\Shaders</Filter>
    </ClInclude>
    <ClInclude Include="Include\Render\Shaders\Shader.h">
      <Filter>Include\Render\Shaders</Filter>
    </ClInclude>
    <ClInclude Include="Include\Render\Shaders\ShaderManager.h">
      <Filter>Include\Render\Shaders</Filter>
    </ClInclude>
    <ClInclude Include="Include\Render\Shaders\ShaderCompiler.h">
      <Filter>Include\Render\Shaders</Filter>
    </ClInclude>
    <ClInclude Include="Include\Render\Shaders\ShaderCache.h">
      <Filter>Include\Render\Shaders</Filter>
    </ClInclude>
    <ClInclude Include="Include\RHI\BaseBufferRHI.h">
      <Filter>Include\RHI</Filter>
    </ClInclude>
    <ClInclude Include="Include\Render\BoundShaderStateCache.h">
      <Filter>Include\Render</Filter>
    </ClInclude>
    <ClInclude Include="Include\Render\Texture.h">
      <Filter>Include\Render</Filter>
    </ClInclude>
    <ClInclude Include="Include\Render\RenderResource.h">
      <Filter>Include\Render</Filter>
    </ClInclude>
    <ClInclude Include="Include\Render\RenderingThread.h">
      <Filter>Include\Render</Filter>
    </ClInclude>
    <ClInclude Include="Include\Render\RenderUtils.h">
      <Filter>Include\Render</Filter>
    </ClInclude>
    <ClInclude Include="Include\RHI\BaseResourceRHI.h">
      <Filter>Include\RHI</Filter>
    </ClInclude>
    <ClInclude Include="Include\RHI\BaseStateRHI.h">
      <Filter>Include\RHI</Filter>
    </ClInclude>
    <ClInclude Include="Include\System\SplashScreen.h">
      <Filter>Include\System</Filter>
    </ClInclude>
    <ClInclude Include="Include\System\BaseEngine.h">
      <Filter>Include\System</Filter>
    </ClInclude>
    <ClInclude Include="Include\System\GameEngine.h">
      <Filter>Include\System</Filter>
    </ClInclude>
    <ClInclude Include="Include\Render\Viewport.h">
      <Filter>Include\Render</Filter>
    </ClInclude>
  </ItemGroup>
  <ItemGroup>
    <ClCompile Include="Source\Misc\EngineGlobals.cpp">
      <Filter>Source\Misc</Filter>
    </ClCompile>
    <ClCompile Include="Source\Scripts\ScriptEngine.cpp">
      <Filter>Source\Scripts</Filter>
    </ClCompile>
    <ClCompile Include="Source\Scripts\Script.cpp">
      <Filter>Source\Scripts</Filter>
    </ClCompile>
    <ClCompile Include="Source\Render\Shader\TestShader.cpp">
      <Filter>Source\Render\Shaders</Filter>
    </ClCompile>
    <ClCompile Include="Source\Render\Shader\ShaderManager.cpp">
      <Filter>Source\Render\Shaders</Filter>
    </ClCompile>
    <ClCompile Include="Source\Render\Shader\ShaderCompiler.cpp">
      <Filter>Source\Render\Shaders</Filter>
    </ClCompile>
    <ClCompile Include="Source\Render\Shader\ShaderCache.cpp">
      <Filter>Source\Render\Shaders</Filter>
    </ClCompile>
    <ClCompile Include="Source\Render\Shader\Shader.cpp">
      <Filter>Source\Render\Shaders</Filter>
    </ClCompile>
    <ClCompile Include="Source\Render\BoundShaderStateCache.cpp">
      <Filter>Source\Render</Filter>
    </ClCompile>
    <ClCompile Include="Source\Render\Texture.cpp">
      <Filter>Source\Render</Filter>
    </ClCompile>
    <ClCompile Include="Source\Render\RenderResource.cpp">
      <Filter>Source\Render</Filter>
    </ClCompile>
    <ClCompile Include="Source\Render\RenderingThread.cpp">
      <Filter>Source\Render</Filter>
    </ClCompile>
    <ClCompile Include="Source\Render\RenderUtils.cpp">
      <Filter>Source\Render</Filter>
    </ClCompile>
    <ClCompile Include="Source\System\GameEngine.cpp">
      <Filter>Source\System</Filter>
    </ClCompile>
    <ClCompile Include="Source\Render\Viewport.cpp">
      <Filter>Source\Render</Filter>
    </ClCompile>
    <ClCompile Include="Source\System\BaseEngine.cpp">
      <Filter>Source\System</Filter>
    </ClCompile>
  </ItemGroup>
</Project>