<?xml version="1.0" encoding="utf-8"?>
<Project ToolsVersion="4.0" xmlns="http://schemas.microsoft.com/developer/msbuild/2003">
  <ItemGroup>
    <Filter Include="Include">
      <UniqueIdentifier>{4c6c8bd9-f7c0-4edc-b5b0-a22db16cf635}</UniqueIdentifier>
    </Filter>
    <Filter Include="Source">
      <UniqueIdentifier>{ebee0972-c623-4ec7-932e-c01358cf0f77}</UniqueIdentifier>
    </Filter>
    <Filter Include="Include\Containers">
      <UniqueIdentifier>{8a9b9928-a2a1-42c0-86b8-95d5711458da}</UniqueIdentifier>
    </Filter>
    <Filter Include="Include\Misc">
      <UniqueIdentifier>{09e2d5e8-d841-4c8d-84f6-7f880741d3a4}</UniqueIdentifier>
    </Filter>
    <Filter Include="Source\Containers">
      <UniqueIdentifier>{f45e7b16-5b64-498b-9f79-45ce55443519}</UniqueIdentifier>
    </Filter>
    <Filter Include="Source\Misc">
      <UniqueIdentifier>{9ca453ac-8b77-4d27-92ee-1015e9a14d55}</UniqueIdentifier>
    </Filter>
    <Filter Include="Include\Logger">
      <UniqueIdentifier>{1f990812-4d39-42ce-924f-fbe1d5e50356}</UniqueIdentifier>
    </Filter>
    <Filter Include="Source\Logger">
      <UniqueIdentifier>{bd638748-e52d-409d-b6a6-6b657fa23d24}</UniqueIdentifier>
    </Filter>
    <Filter Include="Include\System">
      <UniqueIdentifier>{299458ff-21fc-46de-9a3b-d7f7db3ae7aa}</UniqueIdentifier>
    </Filter>
    <Filter Include="Source\System">
      <UniqueIdentifier>{b4235f26-aa03-4f8d-b49b-efff82694d91}</UniqueIdentifier>
    </Filter>
    <Filter Include="Include\Math">
      <UniqueIdentifier>{76e07a53-9ab7-494d-8cc8-5cec1fdbc514}</UniqueIdentifier>
    </Filter>
    <Filter Include="Source\Math">
      <UniqueIdentifier>{e683b571-c649-472d-ac8b-86b93f2087e0}</UniqueIdentifier>
    </Filter>
  </ItemGroup>
  <ItemGroup>
    <ClInclude Include="Include\Core.h">
      <Filter>Include</Filter>
    </ClInclude>
    <ClInclude Include="Include\CoreDefines.h">
      <Filter>Include</Filter>
    </ClInclude>
    <ClInclude Include="Include\LEBuild.h">
      <Filter>Include</Filter>
    </ClInclude>
    <ClInclude Include="Include\Misc\Object.h">
      <Filter>Include\Misc</Filter>
    </ClInclude>
    <ClInclude Include="Include\Misc\Types.h">
      <Filter>Include\Misc</Filter>
    </ClInclude>
    <ClInclude Include="Include\Containers\StringConv.h">
      <Filter>Include\Containers</Filter>
    </ClInclude>
    <ClInclude Include="Include\Containers\String.h">
      <Filter>Include\Containers</Filter>
    </ClInclude>
    <ClInclude Include="Include\Logger\BaseLogger.h">
      <Filter>Include\Logger</Filter>
    </ClInclude>
    <ClInclude Include="Include\Logger\LoggerMacros.h">
      <Filter>Include\Logger</Filter>
    </ClInclude>
    <ClInclude Include="Include\Misc\Template.h">
      <Filter>Include\Misc</Filter>
    </ClInclude>
    <ClInclude Include="Include\System\BaseArchive.h">
      <Filter>Include\System</Filter>
    </ClInclude>
    <ClInclude Include="Include\System\BaseFileSystem.h">
      <Filter>Include\System</Filter>
    </ClInclude>
    <ClInclude Include="Include\System\BaseWindow.h">
      <Filter>Include\System</Filter>
    </ClInclude>
    <ClInclude Include="Include\System\WindowEvent.h">
      <Filter>Include\System</Filter>
    </ClInclude>
    <ClInclude Include="Include\System\ButtonCode.h">
      <Filter>Include\System</Filter>
    </ClInclude>
    <ClInclude Include="Include\Misc\CoreGlobals.h">
      <Filter>Include\Misc</Filter>
    </ClInclude>
    <ClInclude Include="Include\Math\Color.h">
      <Filter>Include\Math</Filter>
    </ClInclude>
    <ClInclude Include="Include\System\Config.h">
      <Filter>Include\System</Filter>
    </ClInclude>
    <ClInclude Include="Include\Misc\Misc.h">
      <Filter>Include\Misc</Filter>
    </ClInclude>
    <ClInclude Include="Include\Misc\RefCounted.h">
      <Filter>Include\Misc</Filter>
    </ClInclude>
    <ClInclude Include="Include\Misc\RefCountPtr.h">
      <Filter>Include\Misc</Filter>
    </ClInclude>
    <ClInclude Include="Include\Misc\Class.h">
      <Filter>Include\Misc</Filter>
    </ClInclude>
    <ClInclude Include="Include\LEVersion.h">
      <Filter>Include</Filter>
    </ClInclude>
    <ClInclude Include="Include\System\MemoryBase.h">
      <Filter>Include\System</Filter>
    </ClInclude>
    <ClInclude Include="Include\System\ThreadingBase.h">
      <Filter>Include\System</Filter>
    </ClInclude>
    <ClInclude Include="Include\Containers\RingBuffer.h">
      <Filter>Include\Containers</Filter>
    </ClInclude>
    <ClInclude Include="Include\System\Delegate.h">
      <Filter>Include\System</Filter>
    </ClInclude>
    <ClInclude Include="Include\Math\Vector2D.h">
      <Filter>Include\Math</Filter>
    </ClInclude>
  </ItemGroup>
  <ItemGroup>
    <ClCompile Include="Source\Core.cpp">
      <Filter>Source</Filter>
    </ClCompile>
    <ClCompile Include="Source\Logger\BaseLogger.cpp">
      <Filter>Source\Logger</Filter>
    </ClCompile>
    <ClCompile Include="Source\System\ButtonCode.cpp">
      <Filter>Source\System</Filter>
    </ClCompile>
    <ClCompile Include="Source\Math\Color.cpp">
      <Filter>Source\Math</Filter>
    </ClCompile>
    <ClCompile Include="Source\System\Config.cpp">
      <Filter>Source\System</Filter>
    </ClCompile>
    <ClCompile Include="Source\Containers\String.cpp">
      <Filter>Source\Containers</Filter>
    </ClCompile>
    <ClCompile Include="Source\Misc\RefCounted.cpp">
      <Filter>Source\Misc</Filter>
    </ClCompile>
    <ClCompile Include="Source\Misc\Object.cpp">
      <Filter>Source\Misc</Filter>
    </ClCompile>
    <ClCompile Include="Source\Misc\Class.cpp">
      <Filter>Source\Misc</Filter>
    </ClCompile>
    <ClCompile Include="Source\Containers\RingBuffer.cpp">
      <Filter>Source\Containers</Filter>
    </ClCompile>
  </ItemGroup>
</Project>