<?xml version="1.0" encoding="utf-8"?>
<Project ToolsVersion="4.0" xmlns="http://schemas.microsoft.com/developer/msbuild/2003">
  <ItemGroup>
    <Filter Include="Include">
      <UniqueIdentifier>{4c6c8bd9-f7c0-4edc-b5b0-a22db16cf635}</UniqueIdentifier>
    </Filter>
    <Filter Include="Source">
      <UniqueIdentifier>{ebee0972-c623-4ec7-932e-c01358cf0f77}</UniqueIdentifier>
    </Filter>
  </ItemGroup>
  <ItemGroup>
    <ClInclude Include="Include\Core.h">
      <Filter>Include</Filter>
    </ClInclude>
    <ClInclude Include="Include\CoreDefines.h">
      <Filter>Include</Filter>
    </ClInclude>
    <ClInclude Include="Include\Globals.h">
      <Filter>Include</Filter>
    </ClInclude>
    <ClInclude Include="Include\Object.h">
      <Filter>Include</Filter>
    </ClInclude>
    <ClInclude Include="Include\OutputDevices.h">
      <Filter>Include</Filter>
    </ClInclude>
    <ClInclude Include="Include\Types.h">
      <Filter>Include</Filter>
    </ClInclude>
    <ClInclude Include="Include\LEBuild.h">
      <Filter>Include</Filter>
    </ClInclude>
  </ItemGroup>
  <ItemGroup>
    <ClCompile Include="Source\Core.cpp">
      <Filter>Source</Filter>
    </ClCompile>
    <ClCompile Include="Source\OutputDevices.cpp">
      <Filter>Source</Filter>
    </ClCompile>
  </ItemGroup>
</Project>