<?xml version="1.0" encoding="utf-8"?>
<Project ToolsVersion="4.0" xmlns="http://schemas.microsoft.com/developer/msbuild/2003">
  <ItemGroup>
    <Filter Include="Include">
      <UniqueIdentifier>{4c6c8bd9-f7c0-4edc-b5b0-a22db16cf635}</UniqueIdentifier>
    </Filter>
    <Filter Include="Source">
      <UniqueIdentifier>{ebee0972-c623-4ec7-932e-c01358cf0f77}</UniqueIdentifier>
    </Filter>
  </ItemGroup>
  <ItemGroup>
    <ClInclude Include="Include\D3D11RHI.h">
      <Filter>Include</Filter>
    </ClInclude>
    <ClInclude Include="Include\D3D11Surface.h">
      <Filter>Include</Filter>
    </ClInclude>
    <ClInclude Include="Include\D3D11DeviceContext.h">
      <Filter>Include</Filter>
    </ClInclude>
    <ClInclude Include="Include\D3D11Viewport.h">
      <Filter>Include</Filter>
    </ClInclude>
    <ClInclude Include="Include\D3D11ImGUI.h">
      <Filter>Include</Filter>
    </ClInclude>
  </ItemGroup>
  <ItemGroup>
    <ClCompile Include="Source\D3D11RHI.cpp">
      <Filter>Source</Filter>
    </ClCompile>
    <ClCompile Include="Source\D3D11Surface.cpp">
      <Filter>Source</Filter>
    </ClCompile>
    <ClCompile Include="Source\D3D11DeviceContext.cpp">
      <Filter>Source</Filter>
    </ClCompile>
    <ClCompile Include="Source\D3D11Viewport.cpp">
      <Filter>Source</Filter>
    </ClCompile>
    <ClCompile Include="Source\D3D11ImGUI.cpp">
      <Filter>Source</Filter>
    </ClCompile>
  </ItemGroup>
</Project>