
Microsoft Visual Studio Solution File, Format Version 12.00
# Visual Studio Version 16
VisualStudioVersion = 16.0.31005.135
MinimumVisualStudioVersion = 10.0.40219.1
Project("{2150E333-8FDC-42A3-9474-1A3956D46DE8}") = "Tools", "Tools", "{E59845D9-6333-4EC5-99EE-AD3300AE701F}"
EndProject
Project("{2150E333-8FDC-42A3-9474-1A3956D46DE8}") = "Engine", "Engine", "{EC316654-27C9-4DCD-AFCC-50D96F679EF3}"
EndProject
Project("{8BC9CEB8-8B4A-11D0-8D11-00A0C91BC942}") = "Launch", "Engine\Launch\Launch.vcxproj", "{AA00A0FC-2BF3-4B61-B45F-BD0C22579D94}"
EndProject
Project("{FAE04EC0-301F-11D3-BF4B-00C04F79EFBC}") = "lifeBuildTool", "Tools\lifeBuildTool\lifeBuildTool.csproj", "{D03217EB-4552-4413-9FC5-739AA904B9D4}"
EndProject
Project("{2150E333-8FDC-42A3-9474-1A3956D46DE8}") = "Games", "Games", "{8E9C9536-CB17-4C39-85A2-F268F76EB064}"
EndProject
Project("{8BC9CEB8-8B4A-11D0-8D11-00A0C91BC942}") = "TestbedGame", "Games\TestbedGame\TestbedGame.vcxproj", "{53E75960-6C45-4D82-A990-839C70ACCF4F}"
	ProjectSection(ProjectDependencies) = postProject
		{D03217EB-4552-4413-9FC5-739AA904B9D4} = {D03217EB-4552-4413-9FC5-739AA904B9D4}
	EndProjectSection
EndProject
Global
	GlobalSection(SolutionConfigurationPlatforms) = preSolution
		Debug|Any CPU = Debug|Any CPU
		Debug|x64 = Debug|x64
		Debug|x86 = Debug|x86
		Release|Any CPU = Release|Any CPU
		Release|x64 = Release|x64
		Release|x86 = Release|x86
	EndGlobalSection
	GlobalSection(ProjectConfigurationPlatforms) = postSolution
		{AA00A0FC-2BF3-4B61-B45F-BD0C22579D94}.Debug|Any CPU.ActiveCfg = Debug|Win32
		{AA00A0FC-2BF3-4B61-B45F-BD0C22579D94}.Debug|x64.ActiveCfg = Debug|x64
		{AA00A0FC-2BF3-4B61-B45F-BD0C22579D94}.Debug|x64.Build.0 = Debug|x64
		{AA00A0FC-2BF3-4B61-B45F-BD0C22579D94}.Debug|x86.ActiveCfg = Debug|Win32
		{AA00A0FC-2BF3-4B61-B45F-BD0C22579D94}.Debug|x86.Build.0 = Debug|Win32
		{AA00A0FC-2BF3-4B61-B45F-BD0C22579D94}.Release|Any CPU.ActiveCfg = Release|Win32
		{AA00A0FC-2BF3-4B61-B45F-BD0C22579D94}.Release|x64.ActiveCfg = Release|x64
		{AA00A0FC-2BF3-4B61-B45F-BD0C22579D94}.Release|x64.Build.0 = Release|x64
		{AA00A0FC-2BF3-4B61-B45F-BD0C22579D94}.Release|x86.ActiveCfg = Release|Win32
		{AA00A0FC-2BF3-4B61-B45F-BD0C22579D94}.Release|x86.Build.0 = Release|Win32
		{D03217EB-4552-4413-9FC5-739AA904B9D4}.Debug|Any CPU.ActiveCfg = Debug|Any CPU
		{D03217EB-4552-4413-9FC5-739AA904B9D4}.Debug|Any CPU.Build.0 = Debug|Any CPU
		{D03217EB-4552-4413-9FC5-739AA904B9D4}.Debug|x64.ActiveCfg = Debug|Any CPU
		{D03217EB-4552-4413-9FC5-739AA904B9D4}.Debug|x64.Build.0 = Debug|Any CPU
		{D03217EB-4552-4413-9FC5-739AA904B9D4}.Debug|x86.ActiveCfg = Debug|Any CPU
		{D03217EB-4552-4413-9FC5-739AA904B9D4}.Debug|x86.Build.0 = Debug|Any CPU
		{D03217EB-4552-4413-9FC5-739AA904B9D4}.Release|Any CPU.ActiveCfg = Release|Any CPU
		{D03217EB-4552-4413-9FC5-739AA904B9D4}.Release|Any CPU.Build.0 = Release|Any CPU
		{D03217EB-4552-4413-9FC5-739AA904B9D4}.Release|x64.ActiveCfg = Release|Any CPU
		{D03217EB-4552-4413-9FC5-739AA904B9D4}.Release|x64.Build.0 = Release|Any CPU
		{D03217EB-4552-4413-9FC5-739AA904B9D4}.Release|x86.ActiveCfg = Release|Any CPU
		{D03217EB-4552-4413-9FC5-739AA904B9D4}.Release|x86.Build.0 = Release|Any CPU
		{53E75960-6C45-4D82-A990-839C70ACCF4F}.Debug|Any CPU.ActiveCfg = Debug|Win32
		{53E75960-6C45-4D82-A990-839C70ACCF4F}.Debug|Any CPU.Build.0 = Debug|Win32
		{53E75960-6C45-4D82-A990-839C70ACCF4F}.Debug|x64.ActiveCfg = Debug|x64
		{53E75960-6C45-4D82-A990-839C70ACCF4F}.Debug|x64.Build.0 = Debug|x64
		{53E75960-6C45-4D82-A990-839C70ACCF4F}.Debug|x86.ActiveCfg = Debug|Win32
		{53E75960-6C45-4D82-A990-839C70ACCF4F}.Debug|x86.Build.0 = Debug|Win32
		{53E75960-6C45-4D82-A990-839C70ACCF4F}.Release|Any CPU.ActiveCfg = Release|Win32
		{53E75960-6C45-4D82-A990-839C70ACCF4F}.Release|x64.ActiveCfg = Release|x64
		{53E75960-6C45-4D82-A990-839C70ACCF4F}.Release|x64.Build.0 = Release|x64
		{53E75960-6C45-4D82-A990-839C70ACCF4F}.Release|x86.ActiveCfg = Release|Win32
		{53E75960-6C45-4D82-A990-839C70ACCF4F}.Release|x86.Build.0 = Release|Win32
	EndGlobalSection
	GlobalSection(SolutionProperties) = preSolution
		HideSolutionNode = FALSE
	EndGlobalSection
	GlobalSection(NestedProjects) = preSolution
		{AA00A0FC-2BF3-4B61-B45F-BD0C22579D94} = {EC316654-27C9-4DCD-AFCC-50D96F679EF3}
		{D03217EB-4552-4413-9FC5-739AA904B9D4} = {E59845D9-6333-4EC5-99EE-AD3300AE701F}
		{53E75960-6C45-4D82-A990-839C70ACCF4F} = {8E9C9536-CB17-4C39-85A2-F268F76EB064}
	EndGlobalSection
	GlobalSection(ExtensibilityGlobals) = postSolution
		SolutionGuid = {8F4654BC-6C7E-49A4-AC05-725551979A45}
	EndGlobalSection
EndGlobal
